
Microsoft Visual Studio Solution File, Format Version 12.00
# Visual Studio Version 17
VisualStudioVersion = 17.0.31903.59
MinimumVisualStudioVersion = 10.0.40219.1
Project("{FAE04EC0-301F-11D3-BF4B-00C04F79EFBC}") = "API", "API\API.csproj", "{BC28392F-BF1A-471B-8410-D63D3A97349A}"
EndProject
Project("{FAE04EC0-301F-11D3-BF4B-00C04F79EFBC}") = "Core", "Core\Core.csproj", "{01FDD28B-3674-4A93-815F-0EC23AE1963F}"
EndProject
Project("{FAE04EC0-301F-11D3-BF4B-00C04F79EFBC}") = "Infrastructure", "Infrastructure\Infrastructure.csproj", "{24409007-9D57-4569-BBDA-41E5131F16E3}"
EndProject
Global
	GlobalSection(SolutionConfigurationPlatforms) = preSolution
		Debug|Any CPU = Debug|Any CPU
		Release|Any CPU = Release|Any CPU
	EndGlobalSection
	GlobalSection(SolutionProperties) = preSolution
		HideSolutionNode = FALSE
	EndGlobalSection
	GlobalSection(ProjectConfigurationPlatforms) = postSolution
		{BC28392F-BF1A-471B-8410-D63D3A97349A}.Debug|Any CPU.ActiveCfg = Debug|Any CPU
		{BC28392F-BF1A-471B-8410-D63D3A97349A}.Debug|Any CPU.Build.0 = Debug|Any CPU
		{BC28392F-BF1A-471B-8410-D63D3A97349A}.Release|Any CPU.ActiveCfg = Release|Any CPU
		{BC28392F-BF1A-471B-8410-D63D3A97349A}.Release|Any CPU.Build.0 = Release|Any CPU
		{01FDD28B-3674-4A93-815F-0EC23AE1963F}.Debug|Any CPU.ActiveCfg = Debug|Any CPU
		{01FDD28B-3674-4A93-815F-0EC23AE1963F}.Debug|Any CPU.Build.0 = Debug|Any CPU
		{01FDD28B-3674-4A93-815F-0EC23AE1963F}.Release|Any CPU.ActiveCfg = Release|Any CPU
		{01FDD28B-3674-4A93-815F-0EC23AE1963F}.Release|Any CPU.Build.0 = Release|Any CPU
		{24409007-9D57-4569-BBDA-41E5131F16E3}.Debug|Any CPU.ActiveCfg = Debug|Any CPU
		{24409007-9D57-4569-BBDA-41E5131F16E3}.Debug|Any CPU.Build.0 = Debug|Any CPU
		{24409007-9D57-4569-BBDA-41E5131F16E3}.Release|Any CPU.ActiveCfg = Release|Any CPU
		{24409007-9D57-4569-BBDA-41E5131F16E3}.Release|Any CPU.Build.0 = Release|Any CPU
	EndGlobalSection
EndGlobal
